
Microsoft Visual Studio Solution File, Format Version 12.00
# Visual Studio Version 17
VisualStudioVersion = 17.11.35431.28
MinimumVisualStudioVersion = 10.0.40219.1
Project("{FAE04EC0-301F-11D3-BF4B-00C04F79EFBC}") = "TestCoreApp", "TestCoreApp\TestCoreApp.csproj", "{8A39F60C-A7AD-4FD7-9408-058D2618B7FD}"
EndProject
Global
	GlobalSection(SolutionConfigurationPlatforms) = preSolution
		Debug|Any CPU = Debug|Any CPU
		Release|Any CPU = Release|Any CPU
	EndGlobalSection
	GlobalSection(ProjectConfigurationPlatforms) = postSolution
		{8A39F60C-A7AD-4FD7-9408-058D2618B7FD}.Debug|Any CPU.ActiveCfg = Debug|Any CPU
		{8A39F60C-A7AD-4FD7-9408-058D2618B7FD}.Debug|Any CPU.Build.0 = Debug|Any CPU
		{8A39F60C-A7AD-4FD7-9408-058D2618B7FD}.Release|Any CPU.ActiveCfg = Release|Any CPU
		{8A39F60C-A7AD-4FD7-9408-058D2618B7FD}.Release|Any CPU.Build.0 = Release|Any CPU
	EndGlobalSection
	GlobalSection(SolutionProperties) = preSolution
		HideSolutionNode = FALSE
	EndGlobalSection
	GlobalSection(ExtensibilityGlobals) = postSolution
		SolutionGuid = {18551D05-E30A-4F7C-A08D-3928D2914F02}
	EndGlobalSection
EndGlobal
